
Microsoft Visual Studio Solution File, Format Version 12.00
Project("{FAE04EC0-301F-11D3-BF4B-00C04F79EFBC}") = "Lib.MeshBus", "Lib.MeshBus\Lib.MeshBus.csproj", "{509F0458-2782-4B6A-8849-2FD62C473313}"
EndProject
Project("{FAE04EC0-301F-11D3-BF4B-00C04F79EFBC}") = "Lib.MeshBus.Kafka", "Lib.MeshBus.Kafka\Lib.MeshBus.Kafka.csproj", "{A1B2C3D4-1111-2222-3333-444455556666}"
EndProject
Project("{FAE04EC0-301F-11D3-BF4B-00C04F79EFBC}") = "Lib.MeshBus.RabbitMQ", "Lib.MeshBus.RabbitMQ\Lib.MeshBus.RabbitMQ.csproj", "{A1B2C3D4-1111-2222-3333-444455557777}"
EndProject
Project("{FAE04EC0-301F-11D3-BF4B-00C04F79EFBC}") = "Lib.MeshBus.AzureServiceBus", "Lib.MeshBus.AzureServiceBus\Lib.MeshBus.AzureServiceBus.csproj", "{A1B2C3D4-1111-2222-3333-444455558888}"
EndProject
Project("{FAE04EC0-301F-11D3-BF4B-00C04F79EFBC}") = "Lib.MeshBus.Tests", "Lib.MeshBus.Tests\Lib.MeshBus.Tests.csproj", "{A1B2C3D4-1111-2222-3333-444455559999}"
EndProject
Project("{FAE04EC0-301F-11D3-BF4B-00C04F79EFBC}") = "Lib.MeshBus.Samples", "Lib.MeshBus.Samples\Lib.MeshBus.Samples.csproj", "{19A9480C-7327-4CCB-B4DF-BAB52F29B805}"
EndProject
Project("{FAE04EC0-301F-11D3-BF4B-00C04F79EFBC}") = "Lib.MeshBus.EventHubs", "Lib.MeshBus.EventHubs\Lib.MeshBus.EventHubs.csproj", "{A1B2C3D4-1111-2222-3333-444455550001}"
EndProject
Project("{FAE04EC0-301F-11D3-BF4B-00C04F79EFBC}") = "Lib.MeshBus.Sqs", "Lib.MeshBus.Sqs\Lib.MeshBus.Sqs.csproj", "{A1B2C3D4-1111-2222-3333-444455550002}"
EndProject
Project("{FAE04EC0-301F-11D3-BF4B-00C04F79EFBC}") = "Lib.MeshBus.GooglePubSub", "Lib.MeshBus.GooglePubSub\Lib.MeshBus.GooglePubSub.csproj", "{A1B2C3D4-1111-2222-3333-444455550003}"
EndProject
Project("{FAE04EC0-301F-11D3-BF4B-00C04F79EFBC}") = "Lib.MeshBus.EventGrid", "Lib.MeshBus.EventGrid\Lib.MeshBus.EventGrid.csproj", "{8899204C-3B7C-4F2B-AB86-CB5288FB6279}"
EndProject
Project("{FAE04EC0-301F-11D3-BF4B-00C04F79EFBC}") = "Lib.MeshBus.Sns", "Lib.MeshBus.Sns\Lib.MeshBus.Sns.csproj", "{51EAB5CA-1044-40DE-BB15-334E790AA195}"
EndProject
Project("{FAE04EC0-301F-11D3-BF4B-00C04F79EFBC}") = "Lib.MeshBus.EventBridge", "Lib.MeshBus.EventBridge\Lib.MeshBus.EventBridge.csproj", "{F9009EB2-85B8-4DAA-AA32-3B78009DE6F8}"
EndProject
Project("{FAE04EC0-301F-11D3-BF4B-00C04F79EFBC}") = "Lib.MeshBus.GoogleCloudTasks", "Lib.MeshBus.GoogleCloudTasks\Lib.MeshBus.GoogleCloudTasks.csproj", "{CE4833DA-A0E5-41EF-A83B-6C52722AE080}"
EndProject
Global
	GlobalSection(SolutionConfigurationPlatforms) = preSolution
		Debug|Any CPU = Debug|Any CPU
		Debug|x64 = Debug|x64
		Debug|x86 = Debug|x86
		Release|Any CPU = Release|Any CPU
		Release|x64 = Release|x64
		Release|x86 = Release|x86
	EndGlobalSection
	GlobalSection(ProjectConfigurationPlatforms) = postSolution
		{509F0458-2782-4B6A-8849-2FD62C473313}.Debug|Any CPU.ActiveCfg = Debug|Any CPU
		{509F0458-2782-4B6A-8849-2FD62C473313}.Debug|Any CPU.Build.0 = Debug|Any CPU
		{509F0458-2782-4B6A-8849-2FD62C473313}.Debug|x64.ActiveCfg = Debug|Any CPU
		{509F0458-2782-4B6A-8849-2FD62C473313}.Debug|x64.Build.0 = Debug|Any CPU
		{509F0458-2782-4B6A-8849-2FD62C473313}.Debug|x86.ActiveCfg = Debug|Any CPU
		{509F0458-2782-4B6A-8849-2FD62C473313}.Debug|x86.Build.0 = Debug|Any CPU
		{509F0458-2782-4B6A-8849-2FD62C473313}.Release|Any CPU.ActiveCfg = Release|Any CPU
		{509F0458-2782-4B6A-8849-2FD62C473313}.Release|Any CPU.Build.0 = Release|Any CPU
		{509F0458-2782-4B6A-8849-2FD62C473313}.Release|x64.ActiveCfg = Release|Any CPU
		{509F0458-2782-4B6A-8849-2FD62C473313}.Release|x64.Build.0 = Release|Any CPU
		{509F0458-2782-4B6A-8849-2FD62C473313}.Release|x86.ActiveCfg = Release|Any CPU
		{509F0458-2782-4B6A-8849-2FD62C473313}.Release|x86.Build.0 = Release|Any CPU
		{A1B2C3D4-1111-2222-3333-444455556666}.Debug|Any CPU.ActiveCfg = Debug|Any CPU
		{A1B2C3D4-1111-2222-3333-444455556666}.Debug|Any CPU.Build.0 = Debug|Any CPU
		{A1B2C3D4-1111-2222-3333-444455556666}.Debug|x64.ActiveCfg = Debug|Any CPU
		{A1B2C3D4-1111-2222-3333-444455556666}.Debug|x64.Build.0 = Debug|Any CPU
		{A1B2C3D4-1111-2222-3333-444455556666}.Debug|x86.ActiveCfg = Debug|Any CPU
		{A1B2C3D4-1111-2222-3333-444455556666}.Debug|x86.Build.0 = Debug|Any CPU
		{A1B2C3D4-1111-2222-3333-444455556666}.Release|Any CPU.ActiveCfg = Release|Any CPU
		{A1B2C3D4-1111-2222-3333-444455556666}.Release|Any CPU.Build.0 = Release|Any CPU
		{A1B2C3D4-1111-2222-3333-444455556666}.Release|x64.ActiveCfg = Release|Any CPU
		{A1B2C3D4-1111-2222-3333-444455556666}.Release|x64.Build.0 = Release|Any CPU
		{A1B2C3D4-1111-2222-3333-444455556666}.Release|x86.ActiveCfg = Release|Any CPU
		{A1B2C3D4-1111-2222-3333-444455556666}.Release|x86.Build.0 = Release|Any CPU
		{A1B2C3D4-1111-2222-3333-444455557777}.Debug|Any CPU.ActiveCfg = Debug|Any CPU
		{A1B2C3D4-1111-2222-3333-444455557777}.Debug|Any CPU.Build.0 = Debug|Any CPU
		{A1B2C3D4-1111-2222-3333-444455557777}.Debug|x64.ActiveCfg = Debug|Any CPU
		{A1B2C3D4-1111-2222-3333-444455557777}.Debug|x64.Build.0 = Debug|Any CPU
		{A1B2C3D4-1111-2222-3333-444455557777}.Debug|x86.ActiveCfg = Debug|Any CPU
		{A1B2C3D4-1111-2222-3333-444455557777}.Debug|x86.Build.0 = Debug|Any CPU
		{A1B2C3D4-1111-2222-3333-444455557777}.Release|Any CPU.ActiveCfg = Release|Any CPU
		{A1B2C3D4-1111-2222-3333-444455557777}.Release|Any CPU.Build.0 = Release|Any CPU
		{A1B2C3D4-1111-2222-3333-444455557777}.Release|x64.ActiveCfg = Release|Any CPU
		{A1B2C3D4-1111-2222-3333-444455557777}.Release|x64.Build.0 = Release|Any CPU
		{A1B2C3D4-1111-2222-3333-444455557777}.Release|x86.ActiveCfg = Release|Any CPU
		{A1B2C3D4-1111-2222-3333-444455557777}.Release|x86.Build.0 = Release|Any CPU
		{A1B2C3D4-1111-2222-3333-444455558888}.Debug|Any CPU.ActiveCfg = Debug|Any CPU
		{A1B2C3D4-1111-2222-3333-444455558888}.Debug|Any CPU.Build.0 = Debug|Any CPU
		{A1B2C3D4-1111-2222-3333-444455558888}.Debug|x64.ActiveCfg = Debug|Any CPU
		{A1B2C3D4-1111-2222-3333-444455558888}.Debug|x64.Build.0 = Debug|Any CPU
		{A1B2C3D4-1111-2222-3333-444455558888}.Debug|x86.ActiveCfg = Debug|Any CPU
		{A1B2C3D4-1111-2222-3333-444455558888}.Debug|x86.Build.0 = Debug|Any CPU
		{A1B2C3D4-1111-2222-3333-444455558888}.Release|Any CPU.ActiveCfg = Release|Any CPU
		{A1B2C3D4-1111-2222-3333-444455558888}.Release|Any CPU.Build.0 = Release|Any CPU
		{A1B2C3D4-1111-2222-3333-444455558888}.Release|x64.ActiveCfg = Release|Any CPU
		{A1B2C3D4-1111-2222-3333-444455558888}.Release|x64.Build.0 = Release|Any CPU
		{A1B2C3D4-1111-2222-3333-444455558888}.Release|x86.ActiveCfg = Release|Any CPU
		{A1B2C3D4-1111-2222-3333-444455558888}.Release|x86.Build.0 = Release|Any CPU
		{A1B2C3D4-1111-2222-3333-444455559999}.Debug|Any CPU.ActiveCfg = Debug|Any CPU
		{A1B2C3D4-1111-2222-3333-444455559999}.Debug|Any CPU.Build.0 = Debug|Any CPU
		{A1B2C3D4-1111-2222-3333-444455559999}.Debug|x64.ActiveCfg = Debug|Any CPU
		{A1B2C3D4-1111-2222-3333-444455559999}.Debug|x64.Build.0 = Debug|Any CPU
		{A1B2C3D4-1111-2222-3333-444455559999}.Debug|x86.ActiveCfg = Debug|Any CPU
		{A1B2C3D4-1111-2222-3333-444455559999}.Debug|x86.Build.0 = Debug|Any CPU
		{A1B2C3D4-1111-2222-3333-444455559999}.Release|Any CPU.ActiveCfg = Release|Any CPU
		{A1B2C3D4-1111-2222-3333-444455559999}.Release|Any CPU.Build.0 = Release|Any CPU
		{A1B2C3D4-1111-2222-3333-444455559999}.Release|x64.ActiveCfg = Release|Any CPU
		{A1B2C3D4-1111-2222-3333-444455559999}.Release|x64.Build.0 = Release|Any CPU
		{A1B2C3D4-1111-2222-3333-444455559999}.Release|x86.ActiveCfg = Release|Any CPU
		{A1B2C3D4-1111-2222-3333-444455559999}.Release|x86.Build.0 = Release|Any CPU
		{19A9480C-7327-4CCB-B4DF-BAB52F29B805}.Debug|Any CPU.ActiveCfg = Debug|Any CPU
		{19A9480C-7327-4CCB-B4DF-BAB52F29B805}.Debug|Any CPU.Build.0 = Debug|Any CPU
		{19A9480C-7327-4CCB-B4DF-BAB52F29B805}.Debug|x64.ActiveCfg = Debug|Any CPU
		{19A9480C-7327-4CCB-B4DF-BAB52F29B805}.Debug|x64.Build.0 = Debug|Any CPU
		{19A9480C-7327-4CCB-B4DF-BAB52F29B805}.Debug|x86.ActiveCfg = Debug|Any CPU
		{19A9480C-7327-4CCB-B4DF-BAB52F29B805}.Debug|x86.Build.0 = Debug|Any CPU
		{19A9480C-7327-4CCB-B4DF-BAB52F29B805}.Release|Any CPU.ActiveCfg = Release|Any CPU
		{19A9480C-7327-4CCB-B4DF-BAB52F29B805}.Release|Any CPU.Build.0 = Release|Any CPU
		{19A9480C-7327-4CCB-B4DF-BAB52F29B805}.Release|x64.ActiveCfg = Release|Any CPU
		{19A9480C-7327-4CCB-B4DF-BAB52F29B805}.Release|x64.Build.0 = Release|Any CPU
		{19A9480C-7327-4CCB-B4DF-BAB52F29B805}.Release|x86.ActiveCfg = Release|Any CPU
		{19A9480C-7327-4CCB-B4DF-BAB52F29B805}.Release|x86.Build.0 = Release|Any CPU
		{A1B2C3D4-1111-2222-3333-444455550001}.Debug|Any CPU.ActiveCfg = Debug|Any CPU
		{A1B2C3D4-1111-2222-3333-444455550001}.Debug|Any CPU.Build.0 = Debug|Any CPU
		{A1B2C3D4-1111-2222-3333-444455550001}.Debug|x64.ActiveCfg = Debug|Any CPU
		{A1B2C3D4-1111-2222-3333-444455550001}.Debug|x64.Build.0 = Debug|Any CPU
		{A1B2C3D4-1111-2222-3333-444455550001}.Debug|x86.ActiveCfg = Debug|Any CPU
		{A1B2C3D4-1111-2222-3333-444455550001}.Debug|x86.Build.0 = Debug|Any CPU
		{A1B2C3D4-1111-2222-3333-444455550001}.Release|Any CPU.ActiveCfg = Release|Any CPU
		{A1B2C3D4-1111-2222-3333-444455550001}.Release|Any CPU.Build.0 = Release|Any CPU
		{A1B2C3D4-1111-2222-3333-444455550001}.Release|x64.ActiveCfg = Release|Any CPU
		{A1B2C3D4-1111-2222-3333-444455550001}.Release|x64.Build.0 = Release|Any CPU
		{A1B2C3D4-1111-2222-3333-444455550001}.Release|x86.ActiveCfg = Release|Any CPU
		{A1B2C3D4-1111-2222-3333-444455550001}.Release|x86.Build.0 = Release|Any CPU
		{A1B2C3D4-1111-2222-3333-444455550002}.Debug|Any CPU.ActiveCfg = Debug|Any CPU
		{A1B2C3D4-1111-2222-3333-444455550002}.Debug|Any CPU.Build.0 = Debug|Any CPU
		{A1B2C3D4-1111-2222-3333-444455550002}.Debug|x64.ActiveCfg = Debug|Any CPU
		{A1B2C3D4-1111-2222-3333-444455550002}.Debug|x64.Build.0 = Debug|Any CPU
		{A1B2C3D4-1111-2222-3333-444455550002}.Debug|x86.ActiveCfg = Debug|Any CPU
		{A1B2C3D4-1111-2222-3333-444455550002}.Debug|x86.Build.0 = Debug|Any CPU
		{A1B2C3D4-1111-2222-3333-444455550002}.Release|Any CPU.ActiveCfg = Release|Any CPU
		{A1B2C3D4-1111-2222-3333-444455550002}.Release|Any CPU.Build.0 = Release|Any CPU
		{A1B2C3D4-1111-2222-3333-444455550002}.Release|x64.ActiveCfg = Release|Any CPU
		{A1B2C3D4-1111-2222-3333-444455550002}.Release|x64.Build.0 = Release|Any CPU
		{A1B2C3D4-1111-2222-3333-444455550002}.Release|x86.ActiveCfg = Release|Any CPU
		{A1B2C3D4-1111-2222-3333-444455550002}.Release|x86.Build.0 = Release|Any CPU
		{A1B2C3D4-1111-2222-3333-444455550003}.Debug|Any CPU.ActiveCfg = Debug|Any CPU
		{A1B2C3D4-1111-2222-3333-444455550003}.Debug|Any CPU.Build.0 = Debug|Any CPU
		{A1B2C3D4-1111-2222-3333-444455550003}.Debug|x64.ActiveCfg = Debug|Any CPU
		{A1B2C3D4-1111-2222-3333-444455550003}.Debug|x64.Build.0 = Debug|Any CPU
		{A1B2C3D4-1111-2222-3333-444455550003}.Debug|x86.ActiveCfg = Debug|Any CPU
		{A1B2C3D4-1111-2222-3333-444455550003}.Debug|x86.Build.0 = Debug|Any CPU
		{A1B2C3D4-1111-2222-3333-444455550003}.Release|Any CPU.ActiveCfg = Release|Any CPU
		{A1B2C3D4-1111-2222-3333-444455550003}.Release|Any CPU.Build.0 = Release|Any CPU
		{A1B2C3D4-1111-2222-3333-444455550003}.Release|x64.ActiveCfg = Release|Any CPU
		{A1B2C3D4-1111-2222-3333-444455550003}.Release|x64.Build.0 = Release|Any CPU
		{A1B2C3D4-1111-2222-3333-444455550003}.Release|x86.ActiveCfg = Release|Any CPU
		{A1B2C3D4-1111-2222-3333-444455550003}.Release|x86.Build.0 = Release|Any CPU
		{8899204C-3B7C-4F2B-AB86-CB5288FB6279}.Debug|Any CPU.ActiveCfg = Debug|Any CPU
		{8899204C-3B7C-4F2B-AB86-CB5288FB6279}.Debug|Any CPU.Build.0 = Debug|Any CPU
		{8899204C-3B7C-4F2B-AB86-CB5288FB6279}.Debug|x64.ActiveCfg = Debug|Any CPU
		{8899204C-3B7C-4F2B-AB86-CB5288FB6279}.Debug|x64.Build.0 = Debug|Any CPU
		{8899204C-3B7C-4F2B-AB86-CB5288FB6279}.Debug|x86.ActiveCfg = Debug|Any CPU
		{8899204C-3B7C-4F2B-AB86-CB5288FB6279}.Debug|x86.Build.0 = Debug|Any CPU
		{8899204C-3B7C-4F2B-AB86-CB5288FB6279}.Release|Any CPU.ActiveCfg = Release|Any CPU
		{8899204C-3B7C-4F2B-AB86-CB5288FB6279}.Release|Any CPU.Build.0 = Release|Any CPU
		{8899204C-3B7C-4F2B-AB86-CB5288FB6279}.Release|x64.ActiveCfg = Release|Any CPU
		{8899204C-3B7C-4F2B-AB86-CB5288FB6279}.Release|x64.Build.0 = Release|Any CPU
		{8899204C-3B7C-4F2B-AB86-CB5288FB6279}.Release|x86.ActiveCfg = Release|Any CPU
		{8899204C-3B7C-4F2B-AB86-CB5288FB6279}.Release|x86.Build.0 = Release|Any CPU
		{51EAB5CA-1044-40DE-BB15-334E790AA195}.Debug|Any CPU.ActiveCfg = Debug|Any CPU
		{51EAB5CA-1044-40DE-BB15-334E790AA195}.Debug|Any CPU.Build.0 = Debug|Any CPU
		{51EAB5CA-1044-40DE-BB15-334E790AA195}.Debug|x64.ActiveCfg = Debug|Any CPU
		{51EAB5CA-1044-40DE-BB15-334E790AA195}.Debug|x64.Build.0 = Debug|Any CPU
		{51EAB5CA-1044-40DE-BB15-334E790AA195}.Debug|x86.ActiveCfg = Debug|Any CPU
		{51EAB5CA-1044-40DE-BB15-334E790AA195}.Debug|x86.Build.0 = Debug|Any CPU
		{51EAB5CA-1044-40DE-BB15-334E790AA195}.Release|Any CPU.ActiveCfg = Release|Any CPU
		{51EAB5CA-1044-40DE-BB15-334E790AA195}.Release|Any CPU.Build.0 = Release|Any CPU
		{51EAB5CA-1044-40DE-BB15-334E790AA195}.Release|x64.ActiveCfg = Release|Any CPU
		{51EAB5CA-1044-40DE-BB15-334E790AA195}.Release|x64.Build.0 = Release|Any CPU
		{51EAB5CA-1044-40DE-BB15-334E790AA195}.Release|x86.ActiveCfg = Release|Any CPU
		{51EAB5CA-1044-40DE-BB15-334E790AA195}.Release|x86.Build.0 = Release|Any CPU
		{F9009EB2-85B8-4DAA-AA32-3B78009DE6F8}.Debug|Any CPU.ActiveCfg = Debug|Any CPU
		{F9009EB2-85B8-4DAA-AA32-3B78009DE6F8}.Debug|Any CPU.Build.0 = Debug|Any CPU
		{F9009EB2-85B8-4DAA-AA32-3B78009DE6F8}.Debug|x64.ActiveCfg = Debug|Any CPU
		{F9009EB2-85B8-4DAA-AA32-3B78009DE6F8}.Debug|x64.Build.0 = Debug|Any CPU
		{F9009EB2-85B8-4DAA-AA32-3B78009DE6F8}.Debug|x86.ActiveCfg = Debug|Any CPU
		{F9009EB2-85B8-4DAA-AA32-3B78009DE6F8}.Debug|x86.Build.0 = Debug|Any CPU
		{F9009EB2-85B8-4DAA-AA32-3B78009DE6F8}.Release|Any CPU.ActiveCfg = Release|Any CPU
		{F9009EB2-85B8-4DAA-AA32-3B78009DE6F8}.Release|Any CPU.Build.0 = Release|Any CPU
		{F9009EB2-85B8-4DAA-AA32-3B78009DE6F8}.Release|x64.ActiveCfg = Release|Any CPU
		{F9009EB2-85B8-4DAA-AA32-3B78009DE6F8}.Release|x64.Build.0 = Release|Any CPU
		{F9009EB2-85B8-4DAA-AA32-3B78009DE6F8}.Release|x86.ActiveCfg = Release|Any CPU
		{F9009EB2-85B8-4DAA-AA32-3B78009DE6F8}.Release|x86.Build.0 = Release|Any CPU
		{CE4833DA-A0E5-41EF-A83B-6C52722AE080}.Debug|Any CPU.ActiveCfg = Debug|Any CPU
		{CE4833DA-A0E5-41EF-A83B-6C52722AE080}.Debug|Any CPU.Build.0 = Debug|Any CPU
		{CE4833DA-A0E5-41EF-A83B-6C52722AE080}.Debug|x64.ActiveCfg = Debug|Any CPU
		{CE4833DA-A0E5-41EF-A83B-6C52722AE080}.Debug|x64.Build.0 = Debug|Any CPU
		{CE4833DA-A0E5-41EF-A83B-6C52722AE080}.Debug|x86.ActiveCfg = Debug|Any CPU
		{CE4833DA-A0E5-41EF-A83B-6C52722AE080}.Debug|x86.Build.0 = Debug|Any CPU
		{CE4833DA-A0E5-41EF-A83B-6C52722AE080}.Release|Any CPU.ActiveCfg = Release|Any CPU
		{CE4833DA-A0E5-41EF-A83B-6C52722AE080}.Release|Any CPU.Build.0 = Release|Any CPU
		{CE4833DA-A0E5-41EF-A83B-6C52722AE080}.Release|x64.ActiveCfg = Release|Any CPU
		{CE4833DA-A0E5-41EF-A83B-6C52722AE080}.Release|x64.Build.0 = Release|Any CPU
		{CE4833DA-A0E5-41EF-A83B-6C52722AE080}.Release|x86.ActiveCfg = Release|Any CPU
		{CE4833DA-A0E5-41EF-A83B-6C52722AE080}.Release|x86.Build.0 = Release|Any CPU
	EndGlobalSection
	GlobalSection(SolutionProperties) = preSolution
		HideSolutionNode = FALSE
	EndGlobalSection
EndGlobal
